// !$*UTF8*$!
{
	archiveVersion = 1;
	classes = {
	};
	objectVersion = 50;
	objects = {

/* Begin PBXBuildFile section */
		D42F3C7A2270E73F00645E41 /* TabViewController.swift in Sources */ = {isa = PBXBuildFile; fileRef = D42F3C792270E73F00645E41 /* TabViewController.swift */; };
		D44F67672273D1E700CA8E44 /* NetworkManager.swift in Sources */ = {isa = PBXBuildFile; fileRef = D44F67662273D1E700CA8E44 /* NetworkManager.swift */; };
		D4718013226D3856002B230C /* GrantTableViewCell.swift in Sources */ = {isa = PBXBuildFile; fileRef = D4718012226D3856002B230C /* GrantTableViewCell.swift */; };
		D4718017226D3B43002B230C /* Grant.swift in Sources */ = {isa = PBXBuildFile; fileRef = D4718016226D3B43002B230C /* Grant.swift */; };
		D47E085B22735BAA00DCD33B /* HeaderView.swift in Sources */ = {isa = PBXBuildFile; fileRef = D47E085A22735BAA00DCD33B /* HeaderView.swift */; };
		D4994180226E727500FC19C4 /* HomeViewController.swift in Sources */ = {isa = PBXBuildFile; fileRef = D499417F226E727500FC19C4 /* HomeViewController.swift */; };
		D4994182226E72A800FC19C4 /* SettingsViewController.swift in Sources */ = {isa = PBXBuildFile; fileRef = D4994181226E72A800FC19C4 /* SettingsViewController.swift */; };
		D4994184226E858900FC19C4 /* homepagecell.swift in Sources */ = {isa = PBXBuildFile; fileRef = D4994183226E858900FC19C4 /* homepagecell.swift */; };
		D4994186226E8E0D00FC19C4 /* HomePageCollectionViewCell.swift in Sources */ = {isa = PBXBuildFile; fileRef = D4994185226E8E0D00FC19C4 /* HomePageCollectionViewCell.swift */; };
		D4C1728A226D2904005E1CD4 /* AppDelegate.swift in Sources */ = {isa = PBXBuildFile; fileRef = D4C17289226D2904005E1CD4 /* AppDelegate.swift */; };
		D4C1728C226D2904005E1CD4 /* ViewController.swift in Sources */ = {isa = PBXBuildFile; fileRef = D4C1728B226D2904005E1CD4 /* ViewController.swift */; };
		D4C17291226D2906005E1CD4 /* Assets.xcassets in Resources */ = {isa = PBXBuildFile; fileRef = D4C17290226D2906005E1CD4 /* Assets.xcassets */; };
		D4C17294226D2906005E1CD4 /* LaunchScreen.storyboard in Resources */ = {isa = PBXBuildFile; fileRef = D4C17292226D2906005E1CD4 /* LaunchScreen.storyboard */; };
		F75ACBCD518D852F4FA857F4 /* Pods_Cornell_Grant_APP.framework in Frameworks */ = {isa = PBXBuildFile; fileRef = E02A3A8CCBF4B4493330BA0F /* Pods_Cornell_Grant_APP.framework */; };
/* End PBXBuildFile section */

/* Begin PBXFileReference section */
		52C091585B5D636173C15909 /* Pods-Cornell Grant APP.debug.xcconfig */ = {isa = PBXFileReference; includeInIndex = 1; lastKnownFileType = text.xcconfig; name = "Pods-Cornell Grant APP.debug.xcconfig"; path = "Target Support Files/Pods-Cornell Grant APP/Pods-Cornell Grant APP.debug.xcconfig"; sourceTree = "<group>"; };
		C28EE521C4E7A55DDB858301 /* Pods-Cornell Grant APP.release.xcconfig */ = {isa = PBXFileReference; includeInIndex = 1; lastKnownFileType = text.xcconfig; name = "Pods-Cornell Grant APP.release.xcconfig"; path = "Target Support Files/Pods-Cornell Grant APP/Pods-Cornell Grant APP.release.xcconfig"; sourceTree = "<group>"; };
		D42F3C792270E73F00645E41 /* TabViewController.swift */ = {isa = PBXFileReference; lastKnownFileType = sourcecode.swift; path = TabViewController.swift; sourceTree = "<group>"; };
		D44F67662273D1E700CA8E44 /* NetworkManager.swift */ = {isa = PBXFileReference; lastKnownFileType = sourcecode.swift; path = NetworkManager.swift; sourceTree = "<group>"; };
		D4718012226D3856002B230C /* GrantTableViewCell.swift */ = {isa = PBXFileReference; lastKnownFileType = sourcecode.swift; path = GrantTableViewCell.swift; sourceTree = "<group>"; };
		D4718016226D3B43002B230C /* Grant.swift */ = {isa = PBXFileReference; lastKnownFileType = sourcecode.swift; path = Grant.swift; sourceTree = "<group>"; };
		D47E085A22735BAA00DCD33B /* HeaderView.swift */ = {isa = PBXFileReference; lastKnownFileType = sourcecode.swift; path = HeaderView.swift; sourceTree = "<group>"; };
		D499417F226E727500FC19C4 /* HomeViewController.swift */ = {isa = PBXFileReference; lastKnownFileType = sourcecode.swift; path = HomeViewController.swift; sourceTree = "<group>"; };
		D4994181226E72A800FC19C4 /* SettingsViewController.swift */ = {isa = PBXFileReference; lastKnownFileType = sourcecode.swift; path = SettingsViewController.swift; sourceTree = "<group>"; };
		D4994183226E858900FC19C4 /* homepagecell.swift */ = {isa = PBXFileReference; lastKnownFileType = sourcecode.swift; path = homepagecell.swift; sourceTree = "<group>"; };
		D4994185226E8E0D00FC19C4 /* HomePageCollectionViewCell.swift */ = {isa = PBXFileReference; lastKnownFileType = sourcecode.swift; path = HomePageCollectionViewCell.swift; sourceTree = "<group>"; };
		D4C17286226D2904005E1CD4 /* Cornell Grant APP.app */ = {isa = PBXFileReference; explicitFileType = wrapper.application; includeInIndex = 0; path = "Cornell Grant APP.app"; sourceTree = BUILT_PRODUCTS_DIR; };
		D4C17289226D2904005E1CD4 /* AppDelegate.swift */ = {isa = PBXFileReference; lastKnownFileType = sourcecode.swift; path = AppDelegate.swift; sourceTree = "<group>"; };
		D4C1728B226D2904005E1CD4 /* ViewController.swift */ = {isa = PBXFileReference; lastKnownFileType = sourcecode.swift; path = ViewController.swift; sourceTree = "<group>"; };
		D4C17290226D2906005E1CD4 /* Assets.xcassets */ = {isa = PBXFileReference; lastKnownFileType = folder.assetcatalog; path = Assets.xcassets; sourceTree = "<group>"; };
		D4C17293226D2906005E1CD4 /* Base */ = {isa = PBXFileReference; lastKnownFileType = file.storyboard; name = Base; path = Base.lproj/LaunchScreen.storyboard; sourceTree = "<group>"; };
		D4C17295226D2906005E1CD4 /* Info.plist */ = {isa = PBXFileReference; lastKnownFileType = text.plist.xml; path = Info.plist; sourceTree = "<group>"; };
		E02A3A8CCBF4B4493330BA0F /* Pods_Cornell_Grant_APP.framework */ = {isa = PBXFileReference; explicitFileType = wrapper.framework; includeInIndex = 0; path = Pods_Cornell_Grant_APP.framework; sourceTree = BUILT_PRODUCTS_DIR; };
/* End PBXFileReference section */

/* Begin PBXFrameworksBuildPhase section */
		D4C17283226D2904005E1CD4 /* Frameworks */ = {
			isa = PBXFrameworksBuildPhase;
			buildActionMask = 2147483647;
			files = (
				F75ACBCD518D852F4FA857F4 /* Pods_Cornell_Grant_APP.framework in Frameworks */,
			);
			runOnlyForDeploymentPostprocessing = 0;
		};
/* End PBXFrameworksBuildPhase section */

/* Begin PBXGroup section */
		6300E79D4269CA1D4EE1D324 /* Pods */ = {
			isa = PBXGroup;
			children = (
				52C091585B5D636173C15909 /* Pods-Cornell Grant APP.debug.xcconfig */,
				C28EE521C4E7A55DDB858301 /* Pods-Cornell Grant APP.release.xcconfig */,
			);
			path = Pods;
			sourceTree = "<group>";
		};
		95EC112A33C3E913ADA1F4D9 /* Frameworks */ = {
			isa = PBXGroup;
			children = (
				E02A3A8CCBF4B4493330BA0F /* Pods_Cornell_Grant_APP.framework */,
			);
			name = Frameworks;
			sourceTree = "<group>";
		};
		D4C1727D226D2904005E1CD4 = {
			isa = PBXGroup;
			children = (
				D4C17288226D2904005E1CD4 /* Cornell Grant APP */,
				D4C17287226D2904005E1CD4 /* Products */,
				6300E79D4269CA1D4EE1D324 /* Pods */,
				95EC112A33C3E913ADA1F4D9 /* Frameworks */,
			);
			sourceTree = "<group>";
		};
		D4C17287226D2904005E1CD4 /* Products */ = {
			isa = PBXGroup;
			children = (
				D4C17286226D2904005E1CD4 /* Cornell Grant APP.app */,
			);
			name = Products;
			sourceTree = "<group>";
		};
		D4C17288226D2904005E1CD4 /* Cornell Grant APP */ = {
			isa = PBXGroup;
			children = (
				D4C17289226D2904005E1CD4 /* AppDelegate.swift */,
				D4C1728B226D2904005E1CD4 /* ViewController.swift */,
				D42F3C792270E73F00645E41 /* TabViewController.swift */,
				D4994181226E72A800FC19C4 /* SettingsViewController.swift */,
				D499417F226E727500FC19C4 /* HomeViewController.swift */,
				D4994185226E8E0D00FC19C4 /* HomePageCollectionViewCell.swift */,
				D44F67662273D1E700CA8E44 /* NetworkManager.swift */,
				D4718012226D3856002B230C /* GrantTableViewCell.swift */,
				D4718016226D3B43002B230C /* Grant.swift */,
				D47E085A22735BAA00DCD33B /* HeaderView.swift */,
				D4994183226E858900FC19C4 /* homepagecell.swift */,
				D4C17290226D2906005E1CD4 /* Assets.xcassets */,
				D4C17292226D2906005E1CD4 /* LaunchScreen.storyboard */,
				D4C17295226D2906005E1CD4 /* Info.plist */,
			);
			path = "Cornell Grant APP";
			sourceTree = "<group>";
		};
/* End PBXGroup section */

/* Begin PBXNativeTarget section */
		D4C17285226D2904005E1CD4 /* Cornell Grant APP */ = {
			isa = PBXNativeTarget;
			buildConfigurationList = D4C17298226D2906005E1CD4 /* Build configuration list for PBXNativeTarget "Cornell Grant APP" */;
			buildPhases = (
				56FD6B5C7B2B4284F2D3E8C9 /* [CP] Check Pods Manifest.lock */,
				D4C17282226D2904005E1CD4 /* Sources */,
				D4C17283226D2904005E1CD4 /* Frameworks */,
				D4C17284226D2904005E1CD4 /* Resources */,
				ED26E6C59AFEE8BBEF9AD731 /* [CP] Embed Pods Frameworks */,
			);
			buildRules = (
			);
			dependencies = (
			);
			name = "Cornell Grant APP";
			productName = "Cornell Grant APP";
			productReference = D4C17286226D2904005E1CD4 /* Cornell Grant APP.app */;
			productType = "com.apple.product-type.application";
		};
/* End PBXNativeTarget section */

/* Begin PBXProject section */
		D4C1727E226D2904005E1CD4 /* Project object */ = {
			isa = PBXProject;
			attributes = {
				LastSwiftUpdateCheck = 0940;
				LastUpgradeCheck = 0940;
				ORGANIZATIONNAME = "Steiner Abayie";
				TargetAttributes = {
					D4C17285226D2904005E1CD4 = {
						CreatedOnToolsVersion = 9.4.1;
					};
				};
			};
			buildConfigurationList = D4C17281226D2904005E1CD4 /* Build configuration list for PBXProject "Cornell Grant APP" */;
			compatibilityVersion = "Xcode 9.3";
			developmentRegion = en;
			hasScannedForEncodings = 0;
			knownRegions = (
				en,
				Base,
			);
			mainGroup = D4C1727D226D2904005E1CD4;
			productRefGroup = D4C17287226D2904005E1CD4 /* Products */;
			projectDirPath = "";
			projectRoot = "";
			targets = (
				D4C17285226D2904005E1CD4 /* Cornell Grant APP */,
			);
		};
/* End PBXProject section */

/* Begin PBXResourcesBuildPhase section */
		D4C17284226D2904005E1CD4 /* Resources */ = {
			isa = PBXResourcesBuildPhase;
			buildActionMask = 2147483647;
			files = (
				D4C17294226D2906005E1CD4 /* LaunchScreen.storyboard in Resources */,
				D4C17291226D2906005E1CD4 /* Assets.xcassets in Resources */,
			);
			runOnlyForDeploymentPostprocessing = 0;
		};
/* End PBXResourcesBuildPhase section */

/* Begin PBXShellScriptBuildPhase section */
		56FD6B5C7B2B4284F2D3E8C9 /* [CP] Check Pods Manifest.lock */ = {
			isa = PBXShellScriptBuildPhase;
			buildActionMask = 2147483647;
			files = (
			);
			inputPaths = (
				"${PODS_PODFILE_DIR_PATH}/Podfile.lock",
				"${PODS_ROOT}/Manifest.lock",
			);
			name = "[CP] Check Pods Manifest.lock";
			outputPaths = (
				"$(DERIVED_FILE_DIR)/Pods-Cornell Grant APP-checkManifestLockResult.txt",
			);
			runOnlyForDeploymentPostprocessing = 0;
			shellPath = /bin/sh;
			shellScript = "diff \"${PODS_PODFILE_DIR_PATH}/Podfile.lock\" \"${PODS_ROOT}/Manifest.lock\" > /dev/null\nif [ $? != 0 ] ; then\n    # print error to STDERR\n    echo \"error: The sandbox is not in sync with the Podfile.lock. Run 'pod install' or update your CocoaPods installation.\" >&2\n    exit 1\nfi\n# This output is used by Xcode 'outputs' to avoid re-running this script phase.\necho \"SUCCESS\" > \"${SCRIPT_OUTPUT_FILE_0}\"\n";
			showEnvVarsInLog = 0;
		};
		ED26E6C59AFEE8BBEF9AD731 /* [CP] Embed Pods Frameworks */ = {
			isa = PBXShellScriptBuildPhase;
			buildActionMask = 2147483647;
			files = (
			);
			inputPaths = (
				"${PODS_ROOT}/Target Support Files/Pods-Cornell Grant APP/Pods-Cornell Grant APP-frameworks.sh",
				"${BUILT_PRODUCTS_DIR}/Alamofire/Alamofire.framework",
				"${BUILT_PRODUCTS_DIR}/Hero/Hero.framework",
				"${BUILT_PRODUCTS_DIR}/SnapKit/SnapKit.framework",
			);
			name = "[CP] Embed Pods Frameworks";
			outputPaths = (
				"${TARGET_BUILD_DIR}/${FRAMEWORKS_FOLDER_PATH}/Alamofire.framework",
				"${TARGET_BUILD_DIR}/${FRAMEWORKS_FOLDER_PATH}/Hero.framework",
				"${TARGET_BUILD_DIR}/${FRAMEWORKS_FOLDER_PATH}/SnapKit.framework",
			);
			runOnlyForDeploymentPostprocessing = 0;
			shellPath = /bin/sh;
			shellScript = "\"${PODS_ROOT}/Target Support Files/Pods-Cornell Grant APP/Pods-Cornell Grant APP-frameworks.sh\"\n";
			showEnvVarsInLog = 0;
		};
/* End PBXShellScriptBuildPhase section */

/* Begin PBXSourcesBuildPhase section */
		D4C17282226D2904005E1CD4 /* Sources */ = {
			isa = PBXSourcesBuildPhase;
			buildActionMask = 2147483647;
			files = (
				D4994186226E8E0D00FC19C4 /* HomePageCollectionViewCell.swift in Sources */,
				D4994180226E727500FC19C4 /* HomeViewController.swift in Sources */,
				D4C1728C226D2904005E1CD4 /* ViewController.swift in Sources */,
				D4994184226E858900FC19C4 /* homepagecell.swift in Sources */,
				D44F67672273D1E700CA8E44 /* NetworkManager.swift in Sources */,
				D4C1728A226D2904005E1CD4 /* AppDelegate.swift in Sources */,
				D47E085B22735BAA00DCD33B /* HeaderView.swift in Sources */,
				D4718017226D3B43002B230C /* Grant.swift in Sources */,
				D42F3C7A2270E73F00645E41 /* TabViewController.swift in Sources */,
				D4718013226D3856002B230C /* GrantTableViewCell.swift in Sources */,
				D4994182226E72A800FC19C4 /* SettingsViewController.swift in Sources */,
			);
			runOnlyForDeploymentPostprocessing = 0;
		};
/* End PBXSourcesBuildPhase section */

/* Begin PBXVariantGroup section */
		D4C17292226D2906005E1CD4 /* LaunchScreen.storyboard */ = {
			isa = PBXVariantGroup;
			children = (
				D4C17293226D2906005E1CD4 /* Base */,
			);
			name = LaunchScreen.storyboard;
			sourceTree = "<group>";
		};
/* End PBXVariantGroup section */

/* Begin XCBuildConfiguration section */
		D4C17296226D2906005E1CD4 /* Debug */ = {
			isa = XCBuildConfiguration;
			buildSettings = {
				ALWAYS_SEARCH_USER_PATHS = NO;
				CLANG_ANALYZER_NONNULL = YES;
				CLANG_ANALYZER_NUMBER_OBJECT_CONVERSION = YES_AGGRESSIVE;
				CLANG_CXX_LANGUAGE_STANDARD = "gnu++14";
				CLANG_CXX_LIBRARY = "libc++";
				CLANG_ENABLE_MODULES = YES;
				CLANG_ENABLE_OBJC_ARC = YES;
				CLANG_ENABLE_OBJC_WEAK = YES;
				CLANG_WARN_BLOCK_CAPTURE_AUTORELEASING = YES;
				CLANG_WARN_BOOL_CONVERSION = YES;
				CLANG_WARN_COMMA = YES;
				CLANG_WARN_CONSTANT_CONVERSION = YES;
				CLANG_WARN_DEPRECATED_OBJC_IMPLEMENTATIONS = YES;
				CLANG_WARN_DIRECT_OBJC_ISA_USAGE = YES_ERROR;
				CLANG_WARN_DOCUMENTATION_COMMENTS = YES;
				CLANG_WARN_EMPTY_BODY = YES;
				CLANG_WARN_ENUM_CONVERSION = YES;
				CLANG_WARN_INFINITE_RECURSION = YES;
				CLANG_WARN_INT_CONVERSION = YES;
				CLANG_WARN_NON_LITERAL_NULL_CONVERSION = YES;
				CLANG_WARN_OBJC_IMPLICIT_RETAIN_SELF = YES;
				CLANG_WARN_OBJC_LITERAL_CONVERSION = YES;
				CLANG_WARN_OBJC_ROOT_CLASS = YES_ERROR;
				CLANG_WARN_RANGE_LOOP_ANALYSIS = YES;
				CLANG_WARN_STRICT_PROTOTYPES = YES;
				CLANG_WARN_SUSPICIOUS_MOVE = YES;
				CLANG_WARN_UNGUARDED_AVAILABILITY = YES_AGGRESSIVE;
				CLANG_WARN_UNREACHABLE_CODE = YES;
				CLANG_WARN__DUPLICATE_METHOD_MATCH = YES;
				CODE_SIGN_IDENTITY = "iPhone Developer";
				COPY_PHASE_STRIP = NO;
				DEBUG_INFORMATION_FORMAT = dwarf;
				ENABLE_STRICT_OBJC_MSGSEND = YES;
				ENABLE_TESTABILITY = YES;
				GCC_C_LANGUAGE_STANDARD = gnu11;
				GCC_DYNAMIC_NO_PIC = NO;
				GCC_NO_COMMON_BLOCKS = YES;
				GCC_OPTIMIZATION_LEVEL = 0;
				GCC_PREPROCESSOR_DEFINITIONS = (
					"DEBUG=1",
					"$(inherited)",
				);
				GCC_WARN_64_TO_32_BIT_CONVERSION = YES;
				GCC_WARN_ABOUT_RETURN_TYPE = YES_ERROR;
				GCC_WARN_UNDECLARED_SELECTOR = YES;
				GCC_WARN_UNINITIALIZED_AUTOS = YES_AGGRESSIVE;
				GCC_WARN_UNUSED_FUNCTION = YES;
				GCC_WARN_UNUSED_VARIABLE = YES;
				IPHONEOS_DEPLOYMENT_TARGET = 11.4;
				MTL_ENABLE_DEBUG_INFO = YES;
				ONLY_ACTIVE_ARCH = YES;
				SDKROOT = iphoneos;
				SWIFT_ACTIVE_COMPILATION_CONDITIONS = DEBUG;
				SWIFT_OPTIMIZATION_LEVEL = "-Onone";
			};
			name = Debug;
		};
		D4C17297226D2906005E1CD4 /* Release */ = {
			isa = XCBuildConfiguration;
			buildSettings = {
				ALWAYS_SEARCH_USER_PATHS = NO;
				CLANG_ANALYZER_NONNULL = YES;
				CLANG_ANALYZER_NUMBER_OBJECT_CONVERSION = YES_AGGRESSIVE;
				CLANG_CXX_LANGUAGE_STANDARD = "gnu++14";
				CLANG_CXX_LIBRARY = "libc++";
				CLANG_ENABLE_MODULES = YES;
				CLANG_ENABLE_OBJC_ARC = YES;
				CLANG_ENABLE_OBJC_WEAK = YES;
				CLANG_WARN_BLOCK_CAPTURE_AUTORELEASING = YES;
				CLANG_WARN_BOOL_CONVERSION = YES;
				CLANG_WARN_COMMA = YES;
				CLANG_WARN_CONSTANT_CONVERSION = YES;
				CLANG_WARN_DEPRECATED_OBJC_IMPLEMENTATIONS = YES;
				CLANG_WARN_DIRECT_OBJC_ISA_USAGE = YES_ERROR;
				CLANG_WARN_DOCUMENTATION_COMMENTS = YES;
				CLANG_WARN_EMPTY_BODY = YES;
				CLANG_WARN_ENUM_CONVERSION = YES;
				CLANG_WARN_INFINITE_RECURSION = YES;
				CLANG_WARN_INT_CONVERSION = YES;
				CLANG_WARN_NON_LITERAL_NULL_CONVERSION = YES;
				CLANG_WARN_OBJC_IMPLICIT_RETAIN_SELF = YES;
				CLANG_WARN_OBJC_LITERAL_CONVERSION = YES;
				CLANG_WARN_OBJC_ROOT_CLASS = YES_ERROR;
				CLANG_WARN_RANGE_LOOP_ANALYSIS = YES;
				CLANG_WARN_STRICT_PROTOTYPES = YES;
				CLANG_WARN_SUSPICIOUS_MOVE = YES;
				CLANG_WARN_UNGUARDED_AVAILABILITY = YES_AGGRESSIVE;
				CLANG_WARN_UNREACHABLE_CODE = YES;
				CLANG_WARN__DUPLICATE_METHOD_MATCH = YES;
				CODE_SIGN_IDENTITY = "iPhone Developer";
				COPY_PHASE_STRIP = NO;
				DEBUG_INFORMATION_FORMAT = "dwarf-with-dsym";
				ENABLE_NS_ASSERTIONS = NO;
				ENABLE_STRICT_OBJC_MSGSEND = YES;
				GCC_C_LANGUAGE_STANDARD = gnu11;
				GCC_NO_COMMON_BLOCKS = YES;
				GCC_WARN_64_TO_32_BIT_CONVERSION = YES;
				GCC_WARN_ABOUT_RETURN_TYPE = YES_ERROR;
				GCC_WARN_UNDECLARED_SELECTOR = YES;
				GCC_WARN_UNINITIALIZED_AUTOS = YES_AGGRESSIVE;
				GCC_WARN_UNUSED_FUNCTION = YES;
				GCC_WARN_UNUSED_VARIABLE = YES;
				IPHONEOS_DEPLOYMENT_TARGET = 11.4;
				MTL_ENABLE_DEBUG_INFO = NO;
				SDKROOT = iphoneos;
				SWIFT_COMPILATION_MODE = wholemodule;
				SWIFT_OPTIMIZATION_LEVEL = "-O";
				VALIDATE_PRODUCT = YES;
			};
			name = Release;
		};
		D4C17299226D2906005E1CD4 /* Debug */ = {
			isa = XCBuildConfiguration;
			baseConfigurationReference = 52C091585B5D636173C15909 /* Pods-Cornell Grant APP.debug.xcconfig */;
			buildSettings = {
				ASSETCATALOG_COMPILER_APPICON_NAME = AppIcon;
				CODE_SIGN_STYLE = Automatic;
				INFOPLIST_FILE = "Cornell Grant APP/Info.plist";
				LD_RUNPATH_SEARCH_PATHS = (
					"$(inherited)",
					"@executable_path/Frameworks",
				);
				PRODUCT_BUNDLE_IDENTIFIER = "sa669.Cornell-Grant-APP";
				PRODUCT_NAME = "$(TARGET_NAME)";
				SWIFT_VERSION = 4.0;
				TARGETED_DEVICE_FAMILY = "1,2";
			};
			name = Debug;
		};
		D4C1729A226D2906005E1CD4 /* Release */ = {
			isa = XCBuildConfiguration;
			baseConfigurationReference = C28EE521C4E7A55DDB858301 /* Pods-Cornell Grant APP.release.xcconfig */;
			buildSettings = {
				ASSETCATALOG_COMPILER_APPICON_NAME = AppIcon;
				CODE_SIGN_STYLE = Automatic;
				INFOPLIST_FILE = "Cornell Grant APP/Info.plist";
				LD_RUNPATH_SEARCH_PATHS = (
					"$(inherited)",
					"@executable_path/Frameworks",
				);
				PRODUCT_BUNDLE_IDENTIFIER = "sa669.Cornell-Grant-APP";
				PRODUCT_NAME = "$(TARGET_NAME)";
				SWIFT_VERSION = 4.0;
				TARGETED_DEVICE_FAMILY = "1,2";
			};
			name = Release;
		};
/* End XCBuildConfiguration section */

/* Begin XCConfigurationList section */
		D4C17281226D2904005E1CD4 /* Build configuration list for PBXProject "Cornell Grant APP" */ = {
			isa = XCConfigurationList;
			buildConfigurations = (
				D4C17296226D2906005E1CD4 /* Debug */,
				D4C17297226D2906005E1CD4 /* Release */,
			);
			defaultConfigurationIsVisible = 0;
			defaultConfigurationName = Release;
		};
		D4C17298226D2906005E1CD4 /* Build configuration list for PBXNativeTarget "Cornell Grant APP" */ = {
			isa = XCConfigurationList;
			buildConfigurations = (
				D4C17299226D2906005E1CD4 /* Debug */,
				D4C1729A226D2906005E1CD4 /* Release */,
			);
			defaultConfigurationIsVisible = 0;
			defaultConfigurationName = Release;
		};
/* End XCConfigurationList section */
	};
	rootObject = D4C1727E226D2904005E1CD4 /* Project object */;
}
